lockfileVersion: '9.0'

settings:
  autoInstallPeers: true
  excludeLinksFromLockfile: false

importers:

  .:
    dependencies:
      '@rtm/ingest':
        specifier: github:reportsthatmatter/ingest#v0.9.2
        version: https://codeload.github.com/reportsthatmatter/ingest/tar.gz/fa089f1de047cb644204052e7641356bb2eb1191

packages:

  '@rtm/ingest@https://codeload.github.com/reportsthatmatter/ingest/tar.gz/fa089f1de047cb644204052e7641356bb2eb1191':
    resolution: {gitHosted: true, tarball: https://codeload.github.com/reportsthatmatter/ingest/tar.gz/fa089f1de047cb644204052e7641356bb2eb1191}
    version: 0.9.2

  yaml@2.9.0:
    resolution: {integrity: sha512-2AvhNX3mb8zd6Zy7INTtSpl1F15HW6Wnqj0srWlkKLcpYl/gMIMJiyuGq2KeI2YFxUPjdlB+3Lc10seMLtL4cA==}
    engines: {node: '>= 14.6'}
    hasBin: true

snapshots:

  '@rtm/ingest@https://codeload.github.com/reportsthatmatter/ingest/tar.gz/fa089f1de047cb644204052e7641356bb2eb1191':
    dependencies:
      yaml: 2.9.0

  yaml@2.9.0: {}
